PODS:
  - DACircularProgress (2.3.1)
  - SDWebImage (3.8.1):
    - SDWebImage/Core (= 3.8.1)
  - SDWebImage/Core (3.8.1)

DEPENDENCIES:
  - DACircularProgress
  - SDWebImage (from `git@github.com:rs/SDWebImage.git`, branch `4.x`)

EXTERNAL SOURCES:
  SDWebImage:
    :branch: 4.x
    :git: git@github.com:rs/SDWebImage.git

CHECKOUT OPTIONS:
  SDWebImage:
    :commit: 4e2a4f091a5c64cc89899eb65907661a87d4723c
    :git: git@github.com:rs/SDWebImage.git

SPEC CHECKSUMS:
  DACircularProgress: 4dd437c0fc3da5161cb289e07ac449493d41db71
  SDWebImage: c36166b920a2d7cafcd48f6bef4a51c8a547bdba

PODFILE CHECKSUM: 87a361443cb613cdc7b1bf95f5d19fb9e70bbaad

COCOAPODS: 1.0.0.beta.3
